
Microsoft Visual Studio Solution File, Format Version 12.00
# Visual Studio Version 17
VisualStudioVersion = 17.10.35122.118
MinimumVisualStudioVersion = 10.0.40219.1
Project("{FAE04EC0-301F-11D3-BF4B-00C04F79EFBC}") = "generic", "generic\generic.csproj", "{5E6D0DEC-A0FE-43AD-9385-34063961DC72}"
EndProject
Global
	GlobalSection(SolutionConfigurationPlatforms) = preSolution
		Debug|Any CPU = Debug|Any CPU
		Release|Any CPU = Release|Any CPU
	EndGlobalSection
	GlobalSection(ProjectConfigurationPlatforms) = postSolution
		{5E6D0DEC-A0FE-43AD-9385-34063961DC72}.Debug|Any CPU.ActiveCfg = Debug|Any CPU
		{5E6D0DEC-A0FE-43AD-9385-34063961DC72}.Debug|Any CPU.Build.0 = Debug|Any CPU
		{5E6D0DEC-A0FE-43AD-9385-34063961DC72}.Release|Any CPU.ActiveCfg = Release|Any CPU
		{5E6D0DEC-A0FE-43AD-9385-34063961DC72}.Release|Any CPU.Build.0 = Release|Any CPU
	EndGlobalSection
	GlobalSection(SolutionProperties) = preSolution
		HideSolutionNode = FALSE
	EndGlobalSection
	GlobalSection(ExtensibilityGlobals) = postSolution
		SolutionGuid = {658D528E-DACF-4990-8D17-2B7776336FEE}
	EndGlobalSection
EndGlobal
